
Microsoft Visual Studio Solution File, Format Version 10.00
# Visual Studio 2008
Project("{FAE04EC0-301F-11D3-BF4B-00C04F79EFBC}") = "Ya", "Ya\Ya.csproj", "{258EF542-021B-4D8B-AACE-ACF11CD2B772}"
EndProject
Project("{FAE04EC0-301F-11D3-BF4B-00C04F79EFBC}") = "Ya.Tests", "Ya.Tests\Ya.Tests.csproj", "{04A060E1-D8D2-4302-B940-FD803B9F4B0D}"
EndProject
Project("{FAE04EC0-301F-11D3-BF4B-00C04F79EFBC}") = "YaCE", "YaCE\YaCE.csproj", "{3825F07A-9ABE-43A5-A30E-7455ADE21836}"
EndProject
Global
	GlobalSection(SolutionConfigurationPlatforms) = preSolution
		Debug|Any CPU = Debug|Any CPU
		Release|Any CPU = Release|Any CPU
	EndGlobalSection
	GlobalSection(ProjectConfigurationPlatforms) = postSolution
		{258EF542-021B-4D8B-AACE-ACF11CD2B772}.Debug|Any CPU.ActiveCfg = Debug|Any CPU
		{258EF542-021B-4D8B-AACE-ACF11CD2B772}.Debug|Any CPU.Build.0 = Debug|Any CPU
		{258EF542-021B-4D8B-AACE-ACF11CD2B772}.Release|Any CPU.ActiveCfg = Release|Any CPU
		{258EF542-021B-4D8B-AACE-ACF11CD2B772}.Release|Any CPU.Build.0 = Release|Any CPU
		{04A060E1-D8D2-4302-B940-FD803B9F4B0D}.Debug|Any CPU.ActiveCfg = Debug|Any CPU
		{04A060E1-D8D2-4302-B940-FD803B9F4B0D}.Debug|Any CPU.Build.0 = Debug|Any CPU
		{04A060E1-D8D2-4302-B940-FD803B9F4B0D}.Release|Any CPU.ActiveCfg = Release|Any CPU
		{04A060E1-D8D2-4302-B940-FD803B9F4B0D}.Release|Any CPU.Build.0 = Release|Any CPU
		{3825F07A-9ABE-43A5-A30E-7455ADE21836}.Debug|Any CPU.ActiveCfg = Debug|Any CPU
		{3825F07A-9ABE-43A5-A30E-7455ADE21836}.Debug|Any CPU.Build.0 = Debug|Any CPU
		{3825F07A-9ABE-43A5-A30E-7455ADE21836}.Release|Any CPU.ActiveCfg = Release|Any CPU
		{3825F07A-9ABE-43A5-A30E-7455ADE21836}.Release|Any CPU.Build.0 = Release|Any CPU
	EndGlobalSection
	GlobalSection(SolutionProperties) = preSolution
		HideSolutionNode = FALSE
	EndGlobalSection
EndGlobal
